<?xml version="1.0" encoding="utf-8"?>
<Project ToolsVersion="14.0" xmlns="http://schemas.microsoft.com/developer/msbuild/2003">
  <ItemGroup>
    <ClInclude Include="$(MSBuildThisFileDirectory)targetver.h" />
    <ClInclude Include="$(MSBuildThisFileDirectory)pch.h" />
    <ClInclude Include="$(MSBuildThisFileDirectory)Graphics.h" />
    <ClInclude Include="$(MSBuildThisFileDirectory)RenderWindow.h" />
    <ClInclude Include="$(MSBuildThisFileDirectory)RenderWindowLua.h" />
    <ClInclude Include="$(MSBuildThisFileDirectory)GraphicsRenderer.h" />
    <ClInclude Include="$(MSBuildThisFileDirectory)Render\Cmd\ClearScreenCmd.h" />
    <ClInclude Include="$(MSBuildThisFileDirectory)Render\Cmd\RenderRectCmd.h" />
    <ClInclude Include="$(MSBuildThisFileDirectory)Render\Cmd\IRenderCmd.h" />
    <ClInclude Include="$(MSBuildThisFileDirectory)Render\Cmd\IRenderCmdVisitor.h" />
    <ClInclude Include="$(MSBuildThisFileDirectory)Render\Cmd\RenderCmdList.h" />
    <ClInclude Include="$(MSBuildThisFileDirectory)Render\Cmd\SetBrushColorCmd.h" />
    <ClInclude Include="$(MSBuildThisFileDirectory)Render\CmdData\Color.h" />
    <ClInclude Include="$(MSBuildThisFileDirectory)Render\CmdData\Rect.h" />
    <ClInclude Include="$(MSBuildThisFileDirectory)Render\Cmd\SetRectCmd.h" />
    <ClInclude Include="$(MSBuildThisFileDirectory)Render\Resource\RectResource.h" />
    <ClInclude Include="$(MSBuildThisFileDirectory)Render\Resource\ColorBrushResource.h" />
    <ClInclude Include="$(MSBuildThisFileDirectory)Render\RenderCmdList.h" />
    <ClInclude Include="$(MSBuildThisFileDirectory)Render\RenderResourceList.h" />
    <ClInclude Include="$(MSBuildThisFileDirectory)Render\RenderResourceSlots.h" />
    <ClInclude Include="$(MSBuildThisFileDirectory)GraphicsRendererLua.h" />
    <ClInclude Include="$(MSBuildThisFileDirectory)GraphicsRendererLuaInternal.h" />
    <ClInclude Include="$(MSBuildThisFileDirectory)RenderCmdListLua.h" />
    <ClInclude Include="$(MSBuildThisFileDirectory)RenderResourceSlotsLua.h" />
    <ClInclude Include="$(MSBuildThisFileDirectory)DataReaderLua.h" />
    <ClInclude Include="$(MSBuildThisFileDirectory)RenderResourceSlotsLuaInternal.h" />
    <ClInclude Include="$(MSBuildThisFileDirectory)RenderCmdListLuaInternal.h" />
    <ClInclude Include="$(MSBuildThisFileDirectory)RenderWindowFrame.h" />
  </ItemGroup>
  <ItemGroup>
    <ClCompile Include="$(MSBuildThisFileDirectory)dllmain.cpp" />
    <ClCompile Include="$(MSBuildThisFileDirectory)pch.cpp">
      <PrecompiledHeader>Create</PrecompiledHeader>
    </ClCompile>
    <ClCompile Include="$(MSBuildThisFileDirectory)Graphics.cpp" />
    <ClCompile Include="$(MSBuildThisFileDirectory)RenderWindow.cpp" />
    <ClCompile Include="$(MSBuildThisFileDirectory)RenderWindowLua.cpp" />
    <ClCompile Include="$(MSBuildThisFileDirectory)GraphicsRenderer.cpp" />
    <ClCompile Include="$(MSBuildThisFileDirectory)Render\Cmd\IRenderCmd.cpp" />
    <ClCompile Include="$(MSBuildThisFileDirectory)Render\Cmd\CmdImpl.cpp" />
    <ClCompile Include="$(MSBuildThisFileDirectory)Render\Cmd\RenderCmdList.cpp" />
    <ClCompile Include="$(MSBuildThisFileDirectory)GraphicsRendererLua.cpp" />
    <ClCompile Include="$(MSBuildThisFileDirectory)RenderCmdListLua.cpp" />
    <ClCompile Include="$(MSBuildThisFileDirectory)RenderResourceSlotsLua.cpp" />
    <ClCompile Include="$(MSBuildThisFileDirectory)DataReaderLua.cpp" />
    <ClCompile Include="$(MSBuildThisFileDirectory)RenderWindowFrame.cpp" />
    <ClCompile Include="$(MSBuildThisFileDirectory)Render\RenderResourceSlots.cpp" />
  </ItemGroup>
</Project>